// !$*UTF8*$!
{
	archiveVersion = 1;
	classes = {
	};
	objectVersion = 50;
	objects = {

/* Begin PBXBuildFile section */
		461CA10F221F95B100430613 /* ThirdViewController.swift in Sources */ = {isa = PBXBuildFile; fileRef = 461CA10E221F95B100430613 /* ThirdViewController.swift */; };
		4621D9AD223BF1D800D1F5A0 /* ArtworkTableViewCell.swift in Sources */ = {isa = PBXBuildFile; fileRef = 4621D9AC223BF1D800D1F5A0 /* ArtworkTableViewCell.swift */; };
		4621D9AF223BF1E800D1F5A0 /* TextTableViewCell.swift in Sources */ = {isa = PBXBuildFile; fileRef = 4621D9AE223BF1E800D1F5A0 /* TextTableViewCell.swift */; };
		4627B0622227522500693EED /* ScheduleDetailsViewController.swift in Sources */ = {isa = PBXBuildFile; fileRef = 4627B0612227522500693EED /* ScheduleDetailsViewController.swift */; };
		4628892C2224F86E004B5A44 /* Schedule.swift in Sources */ = {isa = PBXBuildFile; fileRef = 4628892B2224F86E004B5A44 /* Schedule.swift */; };
		4628892E2224FFFE004B5A44 /* ScheduleTableViewCell.swift in Sources */ = {isa = PBXBuildFile; fileRef = 4628892D2224FFFE004B5A44 /* ScheduleTableViewCell.swift */; };
		4643B2252251459D005E8AD7 /* ZoomedPhotoViewController.swift in Sources */ = {isa = PBXBuildFile; fileRef = 4643B2242251459D005E8AD7 /* ZoomedPhotoViewController.swift */; };
		464C7BEE222F3F5D00007ABC /* ArtworksCollectionViewCell.swift in Sources */ = {isa = PBXBuildFile; fileRef = 464C7BED222F3F5D00007ABC /* ArtworksCollectionViewCell.swift */; };
		464C7BF0222F5DF500007ABC /* ArtworksDetailsController.swift in Sources */ = {isa = PBXBuildFile; fileRef = 464C7BEF222F5DF500007ABC /* ArtworksDetailsController.swift */; };
		4654A1F1221600FF008E8EE3 /* AppDelegate.swift in Sources */ = {isa = PBXBuildFile; fileRef = 4654A1F0221600FF008E8EE3 /* AppDelegate.swift */; };
		4654A1F3221600FF008E8EE3 /* FirstViewController.swift in Sources */ = {isa = PBXBuildFile; fileRef = 4654A1F2221600FF008E8EE3 /* FirstViewController.swift */; };
		4654A1F5221600FF008E8EE3 /* SecondViewController.swift in Sources */ = {isa = PBXBuildFile; fileRef = 4654A1F4221600FF008E8EE3 /* SecondViewController.swift */; };
		4654A1F8221600FF008E8EE3 /* Main.storyboard in Resources */ = {isa = PBXBuildFile; fileRef = 4654A1F6221600FF008E8EE3 /* Main.storyboard */; };
		4654A1FA22160100008E8EE3 /* Assets.xcassets in Resources */ = {isa = PBXBuildFile; fileRef = 4654A1F922160100008E8EE3 /* Assets.xcassets */; };
		4654A1FD22160100008E8EE3 /* LaunchScreen.storyboard in Resources */ = {isa = PBXBuildFile; fileRef = 4654A1FB22160100008E8EE3 /* LaunchScreen.storyboard */; };
		4654A20822160100008E8EE3 /* MHTFTests.swift in Sources */ = {isa = PBXBuildFile; fileRef = 4654A20722160100008E8EE3 /* MHTFTests.swift */; };
		4654A21322160100008E8EE3 /* MHTFUITests.swift in Sources */ = {isa = PBXBuildFile; fileRef = 4654A21222160100008E8EE3 /* MHTFUITests.swift */; };
/* End PBXBuildFile section */

/* Begin PBXContainerItemProxy section */
		4654A20422160100008E8EE3 /* PBXContainerItemProxy */ = {
			isa = PBXContainerItemProxy;
			containerPortal = 4654A1E5221600FF008E8EE3 /* Project object */;
			proxyType = 1;
			remoteGlobalIDString = 4654A1EC221600FF008E8EE3;
			remoteInfo = MHTF;
		};
		4654A20F22160100008E8EE3 /* PBXContainerItemProxy */ = {
			isa = PBXContainerItemProxy;
			containerPortal = 4654A1E5221600FF008E8EE3 /* Project object */;
			proxyType = 1;
			remoteGlobalIDString = 4654A1EC221600FF008E8EE3;
			remoteInfo = MHTF;
		};
/* End PBXContainerItemProxy section */

/* Begin PBXFileReference section */
		461CA10E221F95B100430613 /* ThirdViewController.swift */ = {isa = PBXFileReference; lastKnownFileType = sourcecode.swift; path = ThirdViewController.swift; sourceTree = "<group>"; };
		4621D9AC223BF1D800D1F5A0 /* ArtworkTableViewCell.swift */ = {isa = PBXFileReference; lastKnownFileType = sourcecode.swift; path = ArtworkTableViewCell.swift; sourceTree = "<group>"; };
		4621D9AE223BF1E800D1F5A0 /* TextTableViewCell.swift */ = {isa = PBXFileReference; lastKnownFileType = sourcecode.swift; path = TextTableViewCell.swift; sourceTree = "<group>"; };
		4627B0612227522500693EED /* ScheduleDetailsViewController.swift */ = {isa = PBXFileReference; lastKnownFileType = sourcecode.swift; path = ScheduleDetailsViewController.swift; sourceTree = "<group>"; };
		4628892B2224F86E004B5A44 /* Schedule.swift */ = {isa = PBXFileReference; lastKnownFileType = sourcecode.swift; path = Schedule.swift; sourceTree = "<group>"; };
		4628892D2224FFFE004B5A44 /* ScheduleTableViewCell.swift */ = {isa = PBXFileReference; lastKnownFileType = sourcecode.swift; path = ScheduleTableViewCell.swift; sourceTree = "<group>"; };
		4643B2242251459D005E8AD7 /* ZoomedPhotoViewController.swift */ = {isa = PBXFileReference; lastKnownFileType = sourcecode.swift; path = ZoomedPhotoViewController.swift; sourceTree = "<group>"; };
		464C7BED222F3F5D00007ABC /* ArtworksCollectionViewCell.swift */ = {isa = PBXFileReference; lastKnownFileType = sourcecode.swift; path = ArtworksCollectionViewCell.swift; sourceTree = "<group>"; };
		464C7BEF222F5DF500007ABC /* ArtworksDetailsController.swift */ = {isa = PBXFileReference; lastKnownFileType = sourcecode.swift; path = ArtworksDetailsController.swift; sourceTree = "<group>"; };
		4654A1ED221600FF008E8EE3 /* MHTF.app */ = {isa = PBXFileReference; explicitFileType = wrapper.application; includeInIndex = 0; path = MHTF.app; sourceTree = BUILT_PRODUCTS_DIR; };
		4654A1F0221600FF008E8EE3 /* AppDelegate.swift */ = {isa = PBXFileReference; lastKnownFileType = sourcecode.swift; path = AppDelegate.swift; sourceTree = "<group>"; };
		4654A1F2221600FF008E8EE3 /* FirstViewController.swift */ = {isa = PBXFileReference; lastKnownFileType = sourcecode.swift; path = FirstViewController.swift; sourceTree = "<group>"; };
		4654A1F4221600FF008E8EE3 /* SecondViewController.swift */ = {isa = PBXFileReference; lastKnownFileType = sourcecode.swift; path = SecondViewController.swift; sourceTree = "<group>"; };
		4654A1F7221600FF008E8EE3 /* Base */ = {isa = PBXFileReference; lastKnownFileType = file.storyboard; name = Base; path = Base.lproj/Main.storyboard; sourceTree = "<group>"; };
		4654A1F922160100008E8EE3 /* Assets.xcassets */ = {isa = PBXFileReference; lastKnownFileType = folder.assetcatalog; path = Assets.xcassets; sourceTree = "<group>"; };
		4654A1FC22160100008E8EE3 /* Base */ = {isa = PBXFileReference; lastKnownFileType = file.storyboard; name = Base; path = Base.lproj/LaunchScreen.storyboard; sourceTree = "<group>"; };
		4654A1FE22160100008E8EE3 /* Info.plist */ = {isa = PBXFileReference; lastKnownFileType = text.plist.xml; path = Info.plist; sourceTree = "<group>"; };
		4654A20322160100008E8EE3 /* MHTFTests.xctest */ = {isa = PBXFileReference; explicitFileType = wrapper.cfbundle; includeInIndex = 0; path = MHTFTests.xctest; sourceTree = BUILT_PRODUCTS_DIR; };
		4654A20722160100008E8EE3 /* MHTFTests.swift */ = {isa = PBXFileReference; lastKnownFileType = sourcecode.swift; path = MHTFTests.swift; sourceTree = "<group>"; };
		4654A20922160100008E8EE3 /* Info.plist */ = {isa = PBXFileReference; lastKnownFileType = text.plist.xml; path = Info.plist; sourceTree = "<group>"; };
		4654A20E22160100008E8EE3 /* MHTFUITests.xctest */ = {isa = PBXFileReference; explicitFileType = wrapper.cfbundle; includeInIndex = 0; path = MHTFUITests.xctest; sourceTree = BUILT_PRODUCTS_DIR; };
		4654A21222160100008E8EE3 /* MHTFUITests.swift */ = {isa = PBXFileReference; lastKnownFileType = sourcecode.swift; path = MHTFUITests.swift; sourceTree = "<group>"; };
		4654A21422160100008E8EE3 /* Info.plist */ = {isa = PBXFileReference; lastKnownFileType = text.plist.xml; path = Info.plist; sourceTree = "<group>"; };
/* End PBXFileReference section */

/* Begin PBXFrameworksBuildPhase section */
		4654A1EA221600FF008E8EE3 /* Frameworks */ = {
			isa = PBXFrameworksBuildPhase;
			buildActionMask = 2147483647;
			files = (
			);
			runOnlyForDeploymentPostprocessing = 0;
		};
		4654A20022160100008E8EE3 /* Frameworks */ = {
			isa = PBXFrameworksBuildPhase;
			buildActionMask = 2147483647;
			files = (
			);
			runOnlyForDeploymentPostprocessing = 0;
		};
		4654A20B22160100008E8EE3 /* Frameworks */ = {
			isa = PBXFrameworksBuildPhase;
			buildActionMask = 2147483647;
			files = (
			);
			runOnlyForDeploymentPostprocessing = 0;
		};
/* End PBXFrameworksBuildPhase section */

/* Begin PBXGroup section */
		4654A1E4221600FE008E8EE3 = {
			isa = PBXGroup;
			children = (
				4654A1EF221600FF008E8EE3 /* MHTF */,
				4654A20622160100008E8EE3 /* MHTFTests */,
				4654A21122160100008E8EE3 /* MHTFUITests */,
				4654A1EE221600FF008E8EE3 /* Products */,
			);
			sourceTree = "<group>";
		};
		4654A1EE221600FF008E8EE3 /* Products */ = {
			isa = PBXGroup;
			children = (
				4654A1ED221600FF008E8EE3 /* MHTF.app */,
				4654A20322160100008E8EE3 /* MHTFTests.xctest */,
				4654A20E22160100008E8EE3 /* MHTFUITests.xctest */,
			);
			name = Products;
			sourceTree = "<group>";
		};
		4654A1EF221600FF008E8EE3 /* MHTF */ = {
			isa = PBXGroup;
			children = (
				4654A1F0221600FF008E8EE3 /* AppDelegate.swift */,
				4643B2242251459D005E8AD7 /* ZoomedPhotoViewController.swift */,
				4654A1F2221600FF008E8EE3 /* FirstViewController.swift */,
				464C7BEF222F5DF500007ABC /* ArtworksDetailsController.swift */,
				4654A1F4221600FF008E8EE3 /* SecondViewController.swift */,
				4621D9AC223BF1D800D1F5A0 /* ArtworkTableViewCell.swift */,
				4621D9AE223BF1E800D1F5A0 /* TextTableViewCell.swift */,
				4654A1F6221600FF008E8EE3 /* Main.storyboard */,
				4654A1F922160100008E8EE3 /* Assets.xcassets */,
				4654A1FB22160100008E8EE3 /* LaunchScreen.storyboard */,
				4628892B2224F86E004B5A44 /* Schedule.swift */,
				4627B0612227522500693EED /* ScheduleDetailsViewController.swift */,
				4654A1FE22160100008E8EE3 /* Info.plist */,
				461CA10E221F95B100430613 /* ThirdViewController.swift */,
				4628892D2224FFFE004B5A44 /* ScheduleTableViewCell.swift */,
				464C7BED222F3F5D00007ABC /* ArtworksCollectionViewCell.swift */,
			);
			path = MHTF;
			sourceTree = "<group>";
		};
		4654A20622160100008E8EE3 /* MHTFTests */ = {
			isa = PBXGroup;
			children = (
				4654A20722160100008E8EE3 /* MHTFTests.swift */,
				4654A20922160100008E8EE3 /* Info.plist */,
			);
			path = MHTFTests;
			sourceTree = "<group>";
		};
		4654A21122160100008E8EE3 /* MHTFUITests */ = {
			isa = PBXGroup;
			children = (
				4654A21222160100008E8EE3 /* MHTFUITests.swift */,
				4654A21422160100008E8EE3 /* Info.plist */,
			);
			path = MHTFUITests;
			sourceTree = "<group>";
		};
/* End PBXGroup section */

/* Begin PBXNativeTarget section */
		4654A1EC221600FF008E8EE3 /* MHTF */ = {
			isa = PBXNativeTarget;
			buildConfigurationList = 4654A21722160100008E8EE3 /* Build configuration list for PBXNativeTarget "MHTF" */;
			buildPhases = (
				4654A1E9221600FF008E8EE3 /* Sources */,
				4654A1EA221600FF008E8EE3 /* Frameworks */,
				4654A1EB221600FF008E8EE3 /* Resources */,
			);
			buildRules = (
			);
			dependencies = (
			);
			name = MHTF;
			productName = MHTF;
			productReference = 4654A1ED221600FF008E8EE3 /* MHTF.app */;
			productType = "com.apple.product-type.application";
		};
		4654A20222160100008E8EE3 /* MHTFTests */ = {
			isa = PBXNativeTarget;
			buildConfigurationList = 4654A21A22160100008E8EE3 /* Build configuration list for PBXNativeTarget "MHTFTests" */;
			buildPhases = (
				4654A1FF22160100008E8EE3 /* Sources */,
				4654A20022160100008E8EE3 /* Frameworks */,
				4654A20122160100008E8EE3 /* Resources */,
			);
			buildRules = (
			);
			dependencies = (
				4654A20522160100008E8EE3 /* PBXTargetDependency */,
			);
			name = MHTFTests;
			productName = MHTFTests;
			productReference = 4654A20322160100008E8EE3 /* MHTFTests.xctest */;
			productType = "com.apple.product-type.bundle.unit-test";
		};
		4654A20D22160100008E8EE3 /* MHTFUITests */ = {
			isa = PBXNativeTarget;
			buildConfigurationList = 4654A21D22160100008E8EE3 /* Build configuration list for PBXNativeTarget "MHTFUITests" */;
			buildPhases = (
				4654A20A22160100008E8EE3 /* Sources */,
				4654A20B22160100008E8EE3 /* Frameworks */,
				4654A20C22160100008E8EE3 /* Resources */,
			);
			buildRules = (
			);
			dependencies = (
				4654A21022160100008E8EE3 /* PBXTargetDependency */,
			);
			name = MHTFUITests;
			productName = MHTFUITests;
			productReference = 4654A20E22160100008E8EE3 /* MHTFUITests.xctest */;
			productType = "com.apple.product-type.bundle.ui-testing";
		};
/* End PBXNativeTarget section */

/* Begin PBXProject section */
		4654A1E5221600FF008E8EE3 /* Project object */ = {
			isa = PBXProject;
			attributes = {
				LastSwiftUpdateCheck = 1010;
				LastUpgradeCheck = 1010;
				ORGANIZATIONNAME = MHTF;
				TargetAttributes = {
					4654A1EC221600FF008E8EE3 = {
						CreatedOnToolsVersion = 10.1;
						LastSwiftMigration = 1020;
					};
					4654A20222160100008E8EE3 = {
						CreatedOnToolsVersion = 10.1;
						LastSwiftMigration = 1020;
						TestTargetID = 4654A1EC221600FF008E8EE3;
					};
					4654A20D22160100008E8EE3 = {
						CreatedOnToolsVersion = 10.1;
						LastSwiftMigration = 1020;
						TestTargetID = 4654A1EC221600FF008E8EE3;
					};
				};
			};
			buildConfigurationList = 4654A1E8221600FF008E8EE3 /* Build configuration list for PBXProject "MHTF" */;
			compatibilityVersion = "Xcode 9.3";
			developmentRegion = en;
			hasScannedForEncodings = 0;
			knownRegions = (
				en,
				Base,
			);
			mainGroup = 4654A1E4221600FE008E8EE3;
			productRefGroup = 4654A1EE221600FF008E8EE3 /* Products */;
			projectDirPath = "";
			projectRoot = "";
			targets = (
				4654A1EC221600FF008E8EE3 /* MHTF */,
				4654A20222160100008E8EE3 /* MHTFTests */,
				4654A20D22160100008E8EE3 /* MHTFUITests */,
			);
		};
/* End PBXProject section */

/* Begin PBXResourcesBuildPhase section */
		4654A1EB221600FF008E8EE3 /* Resources */ = {
			isa = PBXResourcesBuildPhase;
			buildActionMask = 2147483647;
			files = (
				4654A1FD22160100008E8EE3 /* LaunchScreen.storyboard in Resources */,
				4654A1FA22160100008E8EE3 /* Assets.xcassets in Resources */,
				4654A1F8221600FF008E8EE3 /* Main.storyboard in Resources */,
			);
			runOnlyForDeploymentPostprocessing = 0;
		};
		4654A20122160100008E8EE3 /* Resources */ = {
			isa = PBXResourcesBuildPhase;
			buildActionMask = 2147483647;
			files = (
			);
			runOnlyForDeploymentPostprocessing = 0;
		};
		4654A20C22160100008E8EE3 /* Resources */ = {
			isa = PBXResourcesBuildPhase;
			buildActionMask = 2147483647;
			files = (
			);
			runOnlyForDeploymentPostprocessing = 0;
		};
/* End PBXResourcesBuildPhase section */

/* Begin PBXSourcesBuildPhase section */
		4654A1E9221600FF008E8EE3 /* Sources */ = {
			isa = PBXSourcesBuildPhase;
			buildActionMask = 2147483647;
			files = (
				464C7BF0222F5DF500007ABC /* ArtworksDetailsController.swift in Sources */,
				4628892C2224F86E004B5A44 /* Schedule.swift in Sources */,
				4621D9AD223BF1D800D1F5A0 /* ArtworkTableViewCell.swift in Sources */,
				4654A1F5221600FF008E8EE3 /* SecondViewController.swift in Sources */,
				4621D9AF223BF1E800D1F5A0 /* TextTableViewCell.swift in Sources */,
				4628892E2224FFFE004B5A44 /* ScheduleTableViewCell.swift in Sources */,
				4654A1F1221600FF008E8EE3 /* AppDelegate.swift in Sources */,
				461CA10F221F95B100430613 /* ThirdViewController.swift in Sources */,
				4627B0622227522500693EED /* ScheduleDetailsViewController.swift in Sources */,
				4643B2252251459D005E8AD7 /* ZoomedPhotoViewController.swift in Sources */,
				464C7BEE222F3F5D00007ABC /* ArtworksCollectionViewCell.swift in Sources */,
				4654A1F3221600FF008E8EE3 /* FirstViewController.swift in Sources */,
			);
			runOnlyForDeploymentPostprocessing = 0;
		};
		4654A1FF22160100008E8EE3 /* Sources */ = {
			isa = PBXSourcesBuildPhase;
			buildActionMask = 2147483647;
			files = (
				4654A20822160100008E8EE3 /* MHTFTests.swift in Sources */,
			);
			runOnlyForDeploymentPostprocessing = 0;
		};
		4654A20A22160100008E8EE3 /* Sources */ = {
			isa = PBXSourcesBuildPhase;
			buildActionMask = 2147483647;
			files = (
				4654A21322160100008E8EE3 /* MHTFUITests.swift in Sources */,
			);
			runOnlyForDeploymentPostprocessing = 0;
		};
/* End PBXSourcesBuildPhase section */

/* Begin PBXTargetDependency section */
		4654A20522160100008E8EE3 /* PBXTargetDependency */ = {
			isa = PBXTargetDependency;
			target = 4654A1EC221600FF008E8EE3 /* MHTF */;
			targetProxy = 4654A20422160100008E8EE3 /* PBXContainerItemProxy */;
		};
		4654A21022160100008E8EE3 /* PBXTargetDependency */ = {
			isa = PBXTargetDependency;
			target = 4654A1EC221600FF008E8EE3 /* MHTF */;
			targetProxy = 4654A20F22160100008E8EE3 /* PBXContainerItemProxy */;
		};
/* End PBXTargetDependency section */

/* Begin PBXVariantGroup section */
		4654A1F6221600FF008E8EE3 /* Main.storyboard */ = {
			isa = PBXVariantGroup;
			children = (
				4654A1F7221600FF008E8EE3 /* Base */,
			);
			name = Main.storyboard;
			sourceTree = "<group>";
		};
		4654A1FB22160100008E8EE3 /* LaunchScreen.storyboard */ = {
			isa = PBXVariantGroup;
			children = (
				4654A1FC22160100008E8EE3 /* Base */,
			);
			name = LaunchScreen.storyboard;
			sourceTree = "<group>";
		};
/* End PBXVariantGroup section */

/* Begin XCBuildConfiguration section */
		4654A21522160100008E8EE3 /* Debug */ = {
			isa = XCBuildConfiguration;
			buildSettings = {
				ALWAYS_SEARCH_USER_PATHS = NO;
				CLANG_ANALYZER_NONNULL = YES;
				CLANG_ANALYZER_NUMBER_OBJECT_CONVERSION = YES_AGGRESSIVE;
				CLANG_CXX_LANGUAGE_STANDARD = "gnu++14";
				CLANG_CXX_LIBRARY = "libc++";
				CLANG_ENABLE_MODULES = YES;
				CLANG_ENABLE_OBJC_ARC = YES;
				CLANG_ENABLE_OBJC_WEAK = YES;
				CLANG_WARN_BLOCK_CAPTURE_AUTORELEASING = YES;
				CLANG_WARN_BOOL_CONVERSION = YES;
				CLANG_WARN_COMMA = YES;
				CLANG_WARN_CONSTANT_CONVERSION = YES;
				CLANG_WARN_DEPRECATED_OBJC_IMPLEMENTATIONS = YES;
				CLANG_WARN_DIRECT_OBJC_ISA_USAGE = YES_ERROR;
				CLANG_WARN_DOCUMENTATION_COMMENTS = YES;
				CLANG_WARN_EMPTY_BODY = YES;
				CLANG_WARN_ENUM_CONVERSION = YES;
				CLANG_WARN_INFINITE_RECURSION = YES;
				CLANG_WARN_INT_CONVERSION = YES;
				CLANG_WARN_NON_LITERAL_NULL_CONVERSION = YES;
				CLANG_WARN_OBJC_IMPLICIT_RETAIN_SELF = YES;
				CLANG_WARN_OBJC_LITERAL_CONVERSION = YES;
				CLANG_WARN_OBJC_ROOT_CLASS = YES_ERROR;
				CLANG_WARN_RANGE_LOOP_ANALYSIS = YES;
				CLANG_WARN_STRICT_PROTOTYPES = YES;
				CLANG_WARN_SUSPICIOUS_MOVE = YES;
				CLANG_WARN_UNGUARDED_AVAILABILITY = YES_AGGRESSIVE;
				CLANG_WARN_UNREACHABLE_CODE = YES;
				CLANG_WARN__DUPLICATE_METHOD_MATCH = YES;
				CODE_SIGN_IDENTITY = "iPhone Developer";
				COPY_PHASE_STRIP = NO;
				DEBUG_INFORMATION_FORMAT = dwarf;
				ENABLE_STRICT_OBJC_MSGSEND = YES;
				ENABLE_TESTABILITY = YES;
				GCC_C_LANGUAGE_STANDARD = gnu11;
				GCC_DYNAMIC_NO_PIC = NO;
				GCC_NO_COMMON_BLOCKS = YES;
				GCC_OPTIMIZATION_LEVEL = 0;
				GCC_PREPROCESSOR_DEFINITIONS = (
					"DEBUG=1",
					"$(inherited)",
				);
				GCC_WARN_64_TO_32_BIT_CONVERSION = YES;
				GCC_WARN_ABOUT_RETURN_TYPE = YES_ERROR;
				GCC_WARN_UNDECLARED_SELECTOR = YES;
				GCC_WARN_UNINITIALIZED_AUTOS = YES_AGGRESSIVE;
				GCC_WARN_UNUSED_FUNCTION = YES;
				GCC_WARN_UNUSED_VARIABLE = YES;
				IPHONEOS_DEPLOYMENT_TARGET = 12.1;
				MTL_ENABLE_DEBUG_INFO = INCLUDE_SOURCE;
				MTL_FAST_MATH = YES;
				ONLY_ACTIVE_ARCH = YES;
				SDKROOT = iphoneos;
				SWIFT_ACTIVE_COMPILATION_CONDITIONS = DEBUG;
				SWIFT_OPTIMIZATION_LEVEL = "-Onone";
			};
			name = Debug;
		};
		4654A21622160100008E8EE3 /* Release */ = {
			isa = XCBuildConfiguration;
			buildSettings = {
				ALWAYS_SEARCH_USER_PATHS = NO;
				CLANG_ANALYZER_NONNULL = YES;
				CLANG_ANALYZER_NUMBER_OBJECT_CONVERSION = YES_AGGRESSIVE;
				CLANG_CXX_LANGUAGE_STANDARD = "gnu++14";
				CLANG_CXX_LIBRARY = "libc++";
				CLANG_ENABLE_MODULES = YES;
				CLANG_ENABLE_OBJC_ARC = YES;
				CLANG_ENABLE_OBJC_WEAK = YES;
				CLANG_WARN_BLOCK_CAPTURE_AUTORELEASING = YES;
				CLANG_WARN_BOOL_CONVERSION = YES;
				CLANG_WARN_COMMA = YES;
				CLANG_WARN_CONSTANT_CONVERSION = YES;
				CLANG_WARN_DEPRECATED_OBJC_IMPLEMENTATIONS = YES;
				CLANG_WARN_DIRECT_OBJC_ISA_USAGE = YES_ERROR;
				CLANG_WARN_DOCUMENTATION_COMMENTS = YES;
				CLANG_WARN_EMPTY_BODY = YES;
				CLANG_WARN_ENUM_CONVERSION = YES;
				CLANG_WARN_INFINITE_RECURSION = YES;
				CLANG_WARN_INT_CONVERSION = YES;
				CLANG_WARN_NON_LITERAL_NULL_CONVERSION = YES;
				CLANG_WARN_OBJC_IMPLICIT_RETAIN_SELF = YES;
				CLANG_WARN_OBJC_LITERAL_CONVERSION = YES;
				CLANG_WARN_OBJC_ROOT_CLASS = YES_ERROR;
				CLANG_WARN_RANGE_LOOP_ANALYSIS = YES;
				CLANG_WARN_STRICT_PROTOTYPES = YES;
				CLANG_WARN_SUSPICIOUS_MOVE = YES;
				CLANG_WARN_UNGUARDED_AVAILABILITY = YES_AGGRESSIVE;
				CLANG_WARN_UNREACHABLE_CODE = YES;
				CLANG_WARN__DUPLICATE_METHOD_MATCH = YES;
				CODE_SIGN_IDENTITY = "iPhone Developer";
				COPY_PHASE_STRIP = NO;
				DEBUG_INFORMATION_FORMAT = "dwarf-with-dsym";
				ENABLE_NS_ASSERTIONS = NO;
				ENABLE_STRICT_OBJC_MSGSEND = YES;
				GCC_C_LANGUAGE_STANDARD = gnu11;
				GCC_NO_COMMON_BLOCKS = YES;
				GCC_WARN_64_TO_32_BIT_CONVERSION = YES;
				GCC_WARN_ABOUT_RETURN_TYPE = YES_ERROR;
				GCC_WARN_UNDECLARED_SELECTOR = YES;
				GCC_WARN_UNINITIALIZED_AUTOS = YES_AGGRESSIVE;
				GCC_WARN_UNUSED_FUNCTION = YES;
				GCC_WARN_UNUSED_VARIABLE = YES;
				IPHONEOS_DEPLOYMENT_TARGET = 12.1;
				MTL_ENABLE_DEBUG_INFO = NO;
				MTL_FAST_MATH = YES;
				SDKROOT = iphoneos;
				SWIFT_COMPILATION_MODE = wholemodule;
				SWIFT_OPTIMIZATION_LEVEL = "-O";
				VALIDATE_PRODUCT = YES;
			};
			name = Release;
		};
		4654A21822160100008E8EE3 /* Debug */ = {
			isa = XCBuildConfiguration;
			buildSettings = {
				ASSETCATALOG_COMPILER_APPICON_NAME = AppIcon;
				CODE_SIGN_STYLE = Automatic;
				DEVELOPMENT_TEAM = D43B3BLL26;
				INFOPLIST_FILE = MHTF/Info.plist;
				LD_RUNPATH_SEARCH_PATHS = (
					"$(inherited)",
					"@executable_path/Frameworks",
				);
				PRODUCT_BUNDLE_IDENTIFIER = UNCSG.MHTF;
				PRODUCT_NAME = "$(TARGET_NAME)";
				SWIFT_VERSION = 5.0;
				TARGETED_DEVICE_FAMILY = 1;
			};
			name = Debug;
		};
		4654A21922160100008E8EE3 /* Release */ = {
			isa = XCBuildConfiguration;
			buildSettings = {
				ASSETCATALOG_COMPILER_APPICON_NAME = AppIcon;
				CODE_SIGN_STYLE = Automatic;
				DEVELOPMENT_TEAM = D43B3BLL26;
				INFOPLIST_FILE = MHTF/Info.plist;
				LD_RUNPATH_SEARCH_PATHS = (
					"$(inherited)",
					"@executable_path/Frameworks",
				);
				PRODUCT_BUNDLE_IDENTIFIER = UNCSG.MHTF;
				PRODUCT_NAME = "$(TARGET_NAME)";
				SWIFT_VERSION = 5.0;
				TARGETED_DEVICE_FAMILY = 1;
			};
			name = Release;
		};
		4654A21B22160100008E8EE3 /* Debug */ = {
			isa = XCBuildConfiguration;
			buildSettings = {
				ALWAYS_EMBED_SWIFT_STANDARD_LIBRARIES = YES;
				BUNDLE_LOADER = "$(TEST_HOST)";
				CODE_SIGN_STYLE = Automatic;
				INFOPLIST_FILE = MHTFTests/Info.plist;
				LD_RUNPATH_SEARCH_PATHS = (
					"$(inherited)",
					"@executable_path/Frameworks",
					"@loader_path/Frameworks",
				);
				PRODUCT_BUNDLE_IDENTIFIER = UNCSG.MHTFTests;
				PRODUCT_NAME = "$(TARGET_NAME)";
				SWIFT_VERSION = 5.0;
				TARGETED_DEVICE_FAMILY = "1,2";
				TEST_HOST = "$(BUILT_PRODUCTS_DIR)/MHTF.app/MHTF";
			};
			name = Debug;
		};
		4654A21C22160100008E8EE3 /* Release */ = {
			isa = XCBuildConfiguration;
			buildSettings = {
				ALWAYS_EMBED_SWIFT_STANDARD_LIBRARIES = YES;
				BUNDLE_LOADER = "$(TEST_HOST)";
				CODE_SIGN_STYLE = Automatic;
				INFOPLIST_FILE = MHTFTests/Info.plist;
				LD_RUNPATH_SEARCH_PATHS = (
					"$(inherited)",
					"@executable_path/Frameworks",
					"@loader_path/Frameworks",
				);
				PRODUCT_BUNDLE_IDENTIFIER = UNCSG.MHTFTests;
				PRODUCT_NAME = "$(TARGET_NAME)";
				SWIFT_VERSION = 5.0;
				TARGETED_DEVICE_FAMILY = "1,2";
				TEST_HOST = "$(BUILT_PRODUCTS_DIR)/MHTF.app/MHTF";
			};
			name = Release;
		};
		4654A21E22160100008E8EE3 /* Debug */ = {
			isa = XCBuildConfiguration;
			buildSettings = {
				ALWAYS_EMBED_SWIFT_STANDARD_LIBRARIES = YES;
				CODE_SIGN_STYLE = Automatic;
				INFOPLIST_FILE = MHTFUITests/Info.plist;
				LD_RUNPATH_SEARCH_PATHS = (
					"$(inherited)",
					"@executable_path/Frameworks",
					"@loader_path/Frameworks",
				);
				PRODUCT_BUNDLE_IDENTIFIER = UNCSG.MHTFUITests;
				PRODUCT_NAME = "$(TARGET_NAME)";
				SWIFT_VERSION = 5.0;
				TARGETED_DEVICE_FAMILY = "1,2";
				TEST_TARGET_NAME = MHTF;
			};
			name = Debug;
		};
		4654A21F22160100008E8EE3 /* Release */ = {
			isa = XCBuildConfiguration;
			buildSettings = {
				ALWAYS_EMBED_SWIFT_STANDARD_LIBRARIES = YES;
				CODE_SIGN_STYLE = Automatic;
				INFOPLIST_FILE = MHTFUITests/Info.plist;
				LD_RUNPATH_SEARCH_PATHS = (
					"$(inherited)",
					"@executable_path/Frameworks",
					"@loader_path/Frameworks",
				);
				PRODUCT_BUNDLE_IDENTIFIER = UNCSG.MHTFUITests;
				PRODUCT_NAME = "$(TARGET_NAME)";
				SWIFT_VERSION = 5.0;
				TARGETED_DEVICE_FAMILY = "1,2";
				TEST_TARGET_NAME = MHTF;
			};
			name = Release;
		};
/* End XCBuildConfiguration section */

/* Begin XCConfigurationList section */
		4654A1E8221600FF008E8EE3 /* Build configuration list for PBXProject "MHTF" */ = {
			isa = XCConfigurationList;
			buildConfigurations = (
				4654A21522160100008E8EE3 /* Debug */,
				4654A21622160100008E8EE3 /* Release */,
			);
			defaultConfigurationIsVisible = 0;
			defaultConfigurationName = Release;
		};
		4654A21722160100008E8EE3 /* Build configuration list for PBXNativeTarget "MHTF" */ = {
			isa = XCConfigurationList;
			buildConfigurations = (
				4654A21822160100008E8EE3 /* Debug */,
				4654A21922160100008E8EE3 /* Release */,
			);
			defaultConfigurationIsVisible = 0;
			defaultConfigurationName = Release;
		};
		4654A21A22160100008E8EE3 /* Build configuration list for PBXNativeTarget "MHTFTests" */ = {
			isa = XCConfigurationList;
			buildConfigurations = (
				4654A21B22160100008E8EE3 /* Debug */,
				4654A21C22160100008E8EE3 /* Release */,
			);
			defaultConfigurationIsVisible = 0;
			defaultConfigurationName = Release;
		};
		4654A21D22160100008E8EE3 /* Build configuration list for PBXNativeTarget "MHTFUITests" */ = {
			isa = XCConfigurationList;
			buildConfigurations = (
				4654A21E22160100008E8EE3 /* Debug */,
				4654A21F22160100008E8EE3 /* Release */,
			);
			defaultConfigurationIsVisible = 0;
			defaultConfigurationName = Release;
		};
/* End XCConfigurationList section */
	};
	rootObject = 4654A1E5221600FF008E8EE3 /* Project object */;
}
